// !$*UTF8*$!
{
	archiveVersion = 1;
	classes = {
	};
	objectVersion = 70;
	objects = {

/* Begin PBXBuildFile section */
		060C8D3C2CA607FB00612D9C /* PhoneDataModel.swift in Sources */ = {isa = PBXBuildFile; fileRef = 060C8D3B2CA607FB00612D9C /* PhoneDataModel.swift */; };
		060C8D3D2CA607FB00612D9C /* PhoneDataModel.swift in Sources */ = {isa = PBXBuildFile; fileRef = 060C8D3B2CA607FB00612D9C /* PhoneDataModel.swift */; };
		0610F9642BF9157000D34275 /* OpenSSL.xcframework in Frameworks */ = {isa = PBXBuildFile; fileRef = 0610F9632BF9157000D34275 /* OpenSSL.xcframework */; };
		0655E4712CADA5F0000CF4B8 /* 04b.ttf in Resources */ = {isa = PBXBuildFile; fileRef = 06D8739A2CA740BA00B7B732 /* 04b.ttf */; };
		0655E4722CADA5F6000CF4B8 /* dogicapixel.otf in Resources */ = {isa = PBXBuildFile; fileRef = 06D873942CA7409500B7B732 /* dogicapixel.otf */; };
		0655E4732CADA5FC000CF4B8 /* dogicapixelbold.otf in Resources */ = {isa = PBXBuildFile; fileRef = 06D873972CA7409F00B7B732 /* dogicapixelbold.otf */; };
		0680782C2BF7F4DC00DE70E8 /* StoreKit.framework in Frameworks */ = {isa = PBXBuildFile; fileRef = 2DC80B912384B314006841AE /* StoreKit.framework */; };
		0680782D2BF7F4DC00DE70E8 /* StoreKit.framework in Embed Frameworks */ = {isa = PBXBuildFile; fileRef = 2DC80B912384B314006841AE /* StoreKit.framework */; settings = {ATTRIBUTES = (CodeSignOnCopy, RemoveHeadersOnCopy, ); }; };
		068F394E2CA1E63E003409B0 /* MicroKittyWatch Watch App.app in Embed Watch Content */ = {isa = PBXBuildFile; fileRef = 068F39412CA1E63C003409B0 /* MicroKittyWatch Watch App.app */; settings = {ATTRIBUTES = (RemoveHeadersOnCopy, ); }; };
		068F39522CA1E995003409B0 /* StepViewModel.swift in Sources */ = {isa = PBXBuildFile; fileRef = 2D96CA9C25CDFF4F00A89C32 /* StepViewModel.swift */; };
		068F39532CA1E99F003409B0 /* ViewModel.swift in Sources */ = {isa = PBXBuildFile; fileRef = 2D123A8B25C9F50E005EBFEB /* ViewModel.swift */; };
		068F39542CA1E9AC003409B0 /* CareState.swift in Sources */ = {isa = PBXBuildFile; fileRef = 2DDE569423809B9800398454 /* CareState.swift */; };
		068F39552CA1E9EE003409B0 /* Data.xcdatamodeld in Sources */ = {isa = PBXBuildFile; fileRef = 2D6FCA84235A169500560CB2 /* Data.xcdatamodeld */; };
		068F39562CA1EA02003409B0 /* Colors.swift in Sources */ = {isa = PBXBuildFile; fileRef = 2D81355925F6D34400E461ED /* Colors.swift */; };
		068F39572CA1EB4A003409B0 /* StepTotalDelegate.swift in Sources */ = {isa = PBXBuildFile; fileRef = 2DE0BC432603F3CE00D811FF /* StepTotalDelegate.swift */; };
		068F39582CA1EB57003409B0 /* Pedometer.swift in Sources */ = {isa = PBXBuildFile; fileRef = 2D96CA9A25CDFD4C00A89C32 /* Pedometer.swift */; };
		068F39592CA1EB75003409B0 /* Currency.swift in Sources */ = {isa = PBXBuildFile; fileRef = 2D6FCA87235A1D7500560CB2 /* Currency.swift */; };
		068F395A2CA1EB86003409B0 /* Measures.swift in Sources */ = {isa = PBXBuildFile; fileRef = 2DE904D1235639DE0036C08A /* Measures.swift */; };
		068F395B2CA1EB9C003409B0 /* ViewModel+CoreData.swift in Sources */ = {isa = PBXBuildFile; fileRef = 2D123A8D25CA009E005EBFEB /* ViewModel+CoreData.swift */; };
		068F395C2CA1EBB0003409B0 /* CoreDataManager.swift in Sources */ = {isa = PBXBuildFile; fileRef = 2D6FCA89235A1DFC00560CB2 /* CoreDataManager.swift */; };
		068F395D2CA1EBC0003409B0 /* AnimationManager.swift in Sources */ = {isa = PBXBuildFile; fileRef = 2D3583C0237CC1F3005A6C56 /* AnimationManager.swift */; };
		068F395E2CA1EBCA003409B0 /* ButtonsManager.swift in Sources */ = {isa = PBXBuildFile; fileRef = 2D7BE30525F839B200FADF7F /* ButtonsManager.swift */; };
		068F395F2CA1EBE9003409B0 /* DecorManager.swift in Sources */ = {isa = PBXBuildFile; fileRef = 2D0C3CFA2363A7E300EA064A /* DecorManager.swift */; };
		068F39602CA1EBF9003409B0 /* StoreInventory.swift in Sources */ = {isa = PBXBuildFile; fileRef = 2D7146CF235BB8560064B576 /* StoreInventory.swift */; };
		068F39612CA1EC0B003409B0 /* StoreItem.swift in Sources */ = {isa = PBXBuildFile; fileRef = 2D7146CD235BB6BB0064B576 /* StoreItem.swift */; };
		068F39622CA1EC30003409B0 /* Kitchen Items.swift in Sources */ = {isa = PBXBuildFile; fileRef = 2D2D6CDA27C6A6E000D9E770 /* Kitchen Items.swift */; };
		068F39632CA1EC35003409B0 /* Bathroom Items.swift in Sources */ = {isa = PBXBuildFile; fileRef = 2D8D4EB127C977A0008FF48E /* Bathroom Items.swift */; };
		068F39642CA1EC3A003409B0 /* PurchaseState.swift in Sources */ = {isa = PBXBuildFile; fileRef = 2DA5595F2360FE50006B3B9D /* PurchaseState.swift */; };
		068F39652CA1EC40003409B0 /* Bowls.swift in Sources */ = {isa = PBXBuildFile; fileRef = 2D9B0E0025E45E52009D75ED /* Bowls.swift */; };
		068F39662CA1EC5C003409B0 /* Timer.swift in Sources */ = {isa = PBXBuildFile; fileRef = 2D6FCA8C235A596100560CB2 /* Timer.swift */; };
		068F39692CA1EF7C003409B0 /* Assets.xcassets in Resources */ = {isa = PBXBuildFile; fileRef = 2DE860F123552B3C00227A86 /* Assets.xcassets */; };
		06D873952CA7409500B7B732 /* dogicapixel.otf in Resources */ = {isa = PBXBuildFile; fileRef = 06D873942CA7409500B7B732 /* dogicapixel.otf */; };
		06D873992CA7409F00B7B732 /* dogicapixelbold.otf in Resources */ = {isa = PBXBuildFile; fileRef = 06D873972CA7409F00B7B732 /* dogicapixelbold.otf */; };
		06D8739B2CA740BA00B7B732 /* 04b.ttf in Resources */ = {isa = PBXBuildFile; fileRef = 06D8739A2CA740BA00B7B732 /* 04b.ttf */; };
		2D064FAE2387193A00257315 /* Receipt.swift in Sources */ = {isa = PBXBuildFile; fileRef = 2D064FAD2387193A00257315 /* Receipt.swift */; };
		2D064FB223872A6B00257315 /* ReceiptItem.swift in Sources */ = {isa = PBXBuildFile; fileRef = 2D064FB123872A6B00257315 /* ReceiptItem.swift */; };
		2D064FB423872EEC00257315 /* Helpers.swift in Sources */ = {isa = PBXBuildFile; fileRef = 2D064FB323872EEC00257315 /* Helpers.swift */; };
		2D0C3CFB2363A7E300EA064A /* DecorManager.swift in Sources */ = {isa = PBXBuildFile; fileRef = 2D0C3CFA2363A7E300EA064A /* DecorManager.swift */; };
		2D123A8C25C9F50E005EBFEB /* ViewModel.swift in Sources */ = {isa = PBXBuildFile; fileRef = 2D123A8B25C9F50E005EBFEB /* ViewModel.swift */; };
		2D123A8E25CA009E005EBFEB /* ViewModel+CoreData.swift in Sources */ = {isa = PBXBuildFile; fileRef = 2D123A8D25CA009E005EBFEB /* ViewModel+CoreData.swift */; };
		2D220E3D25CB47CB00D02FE7 /* StoreViewModel.swift in Sources */ = {isa = PBXBuildFile; fileRef = 2D220E3C25CB47CB00D02FE7 /* StoreViewModel.swift */; };
		2D220E3F25CB5A9600D02FE7 /* PawShopViewModel.swift in Sources */ = {isa = PBXBuildFile; fileRef = 2D220E3E25CB5A9600D02FE7 /* PawShopViewModel.swift */; };
		2D220E4125CB5B6B00D02FE7 /* StoreManager.swift in Sources */ = {isa = PBXBuildFile; fileRef = 2D220E4025CB5B6B00D02FE7 /* StoreManager.swift */; };
		2D2D6CDB27C6A6E000D9E770 /* Kitchen Items.swift in Sources */ = {isa = PBXBuildFile; fileRef = 2D2D6CDA27C6A6E000D9E770 /* Kitchen Items.swift */; };
		2D3583C1237CC1F3005A6C56 /* AnimationManager.swift in Sources */ = {isa = PBXBuildFile; fileRef = 2D3583C0237CC1F3005A6C56 /* AnimationManager.swift */; };
		2D3E67E4236C9D3B00A80612 /* Extensions.swift in Sources */ = {isa = PBXBuildFile; fileRef = 2D3E67E3236C9D3B00A80612 /* Extensions.swift */; };
		2D6FCA86235A169500560CB2 /* Data.xcdatamodeld in Sources */ = {isa = PBXBuildFile; fileRef = 2D6FCA84235A169500560CB2 /* Data.xcdatamodeld */; };
		2D6FCA88235A1D7500560CB2 /* Currency.swift in Sources */ = {isa = PBXBuildFile; fileRef = 2D6FCA87235A1D7500560CB2 /* Currency.swift */; };
		2D6FCA8A235A1DFC00560CB2 /* CoreDataManager.swift in Sources */ = {isa = PBXBuildFile; fileRef = 2D6FCA89235A1DFC00560CB2 /* CoreDataManager.swift */; };
		2D6FCA8D235A596100560CB2 /* Timer.swift in Sources */ = {isa = PBXBuildFile; fileRef = 2D6FCA8C235A596100560CB2 /* Timer.swift */; };
		2D7146CE235BB6BB0064B576 /* StoreItem.swift in Sources */ = {isa = PBXBuildFile; fileRef = 2D7146CD235BB6BB0064B576 /* StoreItem.swift */; };
		2D7146D0235BB8560064B576 /* StoreInventory.swift in Sources */ = {isa = PBXBuildFile; fileRef = 2D7146CF235BB8560064B576 /* StoreInventory.swift */; };
		2D7146D2235BBE440064B576 /* StoreViewController.swift in Sources */ = {isa = PBXBuildFile; fileRef = 2D7146D1235BBE440064B576 /* StoreViewController.swift */; };
		2D7146D4235BBF130064B576 /* StoreCollectionViewCell.swift in Sources */ = {isa = PBXBuildFile; fileRef = 2D7146D3235BBF130064B576 /* StoreCollectionViewCell.swift */; };
		2D72E137265421BA003CE02C /* GameViewModel.swift in Sources */ = {isa = PBXBuildFile; fileRef = 2D72E136265421BA003CE02C /* GameViewModel.swift */; };
		2D72E139265421F4003CE02C /* GameModel.swift in Sources */ = {isa = PBXBuildFile; fileRef = 2D72E138265421F4003CE02C /* GameModel.swift */; };
		2D72E13C265423BB003CE02C /* GameTimer.swift in Sources */ = {isa = PBXBuildFile; fileRef = 2D72E13B265423BB003CE02C /* GameTimer.swift */; };
		2D789157239C40FE00053B4E /* Sounds.swift in Sources */ = {isa = PBXBuildFile; fileRef = 2D789156239C40FE00053B4E /* Sounds.swift */; };
		2D789159239C414700053B4E /* Blop-Mark_DiAngelo-79054334.wav in Resources */ = {isa = PBXBuildFile; fileRef = 2D789158239C414700053B4E /* Blop-Mark_DiAngelo-79054334.wav */; };
		2D78915B239C43F300053B4E /* Ting-Popup_Pixels-349896185.wav in Resources */ = {isa = PBXBuildFile; fileRef = 2D78915A239C43F300053B4E /* Ting-Popup_Pixels-349896185.wav */; };
		2D7BE30625F839B200FADF7F /* ButtonsManager.swift in Sources */ = {isa = PBXBuildFile; fileRef = 2D7BE30525F839B200FADF7F /* ButtonsManager.swift */; };
		2D81355A25F6D34400E461ED /* Colors.swift in Sources */ = {isa = PBXBuildFile; fileRef = 2D81355925F6D34400E461ED /* Colors.swift */; };
		2D8D4EB227C977A0008FF48E /* Bathroom Items.swift in Sources */ = {isa = PBXBuildFile; fileRef = 2D8D4EB127C977A0008FF48E /* Bathroom Items.swift */; };
		2D96CA9B25CDFD4C00A89C32 /* Pedometer.swift in Sources */ = {isa = PBXBuildFile; fileRef = 2D96CA9A25CDFD4C00A89C32 /* Pedometer.swift */; };
		2D96CA9D25CDFF4F00A89C32 /* StepViewModel.swift in Sources */ = {isa = PBXBuildFile; fileRef = 2D96CA9C25CDFF4F00A89C32 /* StepViewModel.swift */; };
		2D9B0E0125E45E52009D75ED /* Bowls.swift in Sources */ = {isa = PBXBuildFile; fileRef = 2D9B0E0025E45E52009D75ED /* Bowls.swift */; };
		2D9D68BF23A2C186005EBB35 /* AboutViewController.swift in Sources */ = {isa = PBXBuildFile; fileRef = 2D9D68BE23A2C186005EBB35 /* AboutViewController.swift */; };
		2DA2E41F238DD71700541771 /* NetworkMonitor.swift in Sources */ = {isa = PBXBuildFile; fileRef = 2DA2E41E238DD71700541771 /* NetworkMonitor.swift */; };
		2DA3C65525DC716D004D831E /* UIViewExtension.swift in Sources */ = {isa = PBXBuildFile; fileRef = 2DA3C65425DC716D004D831E /* UIViewExtension.swift */; };
		2DA3C65725DC7AD7004D831E /* ViewController+Animations.swift in Sources */ = {isa = PBXBuildFile; fileRef = 2DA3C65625DC7AD7004D831E /* ViewController+Animations.swift */; };
		2DA559602360FE50006B3B9D /* PurchaseState.swift in Sources */ = {isa = PBXBuildFile; fileRef = 2DA5595F2360FE50006B3B9D /* PurchaseState.swift */; };
		2DA998EC25CCAD4200344349 /* AboutViewModel.swift in Sources */ = {isa = PBXBuildFile; fileRef = 2DA998EB25CCAD4200344349 /* AboutViewModel.swift */; };
		2DC80B862384A932006841AE /* PawShopTableViewCell.swift in Sources */ = {isa = PBXBuildFile; fileRef = 2DC80B852384A932006841AE /* PawShopTableViewCell.swift */; };
		2DC80B882384AC62006841AE /* PawShopViewController.swift in Sources */ = {isa = PBXBuildFile; fileRef = 2DC80B872384AC62006841AE /* PawShopViewController.swift */; };
		2DC80B8A2384ADDF006841AE /* StoreObserver.swift in Sources */ = {isa = PBXBuildFile; fileRef = 2DC80B892384ADDF006841AE /* StoreObserver.swift */; };
		2DC80B8C2384AF23006841AE /* Products.swift in Sources */ = {isa = PBXBuildFile; fileRef = 2DC80B8B2384AF23006841AE /* Products.swift */; };
		2DCB2B5B239ECF760080DC93 /* Blastwave_FX_CashRegister_S08IN.92.mp3 in Resources */ = {isa = PBXBuildFile; fileRef = 2DCB2B5A239ECF750080DC93 /* Blastwave_FX_CashRegister_S08IN.92.mp3 */; };
		2DCB2B5D239EF00A0080DC93 /* animals_cat_meow_002.mp3 in Resources */ = {isa = PBXBuildFile; fileRef = 2DCB2B5C239EF0090080DC93 /* animals_cat_meow_002.mp3 */; };
		2DCB2B5F239EF3B40080DC93 /* animals_cat_meow_003.mp3 in Resources */ = {isa = PBXBuildFile; fileRef = 2DCB2B5E239EF3B40080DC93 /* animals_cat_meow_003.mp3 */; };
		2DCB2B61239EF6980080DC93 /* sound_ex_machina_Buttons+-+Glass+Button.mp3 in Resources */ = {isa = PBXBuildFile; fileRef = 2DCB2B60239EF6980080DC93 /* sound_ex_machina_Buttons+-+Glass+Button.mp3 */; };
		2DDE569523809B9800398454 /* CareState.swift in Sources */ = {isa = PBXBuildFile; fileRef = 2DDE569423809B9800398454 /* CareState.swift */; };
		2DDFFDD3265818A10008193C /* Random.swift in Sources */ = {isa = PBXBuildFile; fileRef = 2DDFFDD2265818A10008193C /* Random.swift */; };
		2DE0BC442603F3CE00D811FF /* StepTotalDelegate.swift in Sources */ = {isa = PBXBuildFile; fileRef = 2DE0BC432603F3CE00D811FF /* StepTotalDelegate.swift */; };
		2DE860E923552B3B00227A86 /* AppDelegate.swift in Sources */ = {isa = PBXBuildFile; fileRef = 2DE860E823552B3B00227A86 /* AppDelegate.swift */; };
		2DE860EB23552B3B00227A86 /* SceneDelegate.swift in Sources */ = {isa = PBXBuildFile; fileRef = 2DE860EA23552B3B00227A86 /* SceneDelegate.swift */; };
		2DE860ED23552B3B00227A86 /* ViewController.swift in Sources */ = {isa = PBXBuildFile; fileRef = 2DE860EC23552B3B00227A86 /* ViewController.swift */; };
		2DE860F023552B3B00227A86 /* Main.storyboard in Resources */ = {isa = PBXBuildFile; fileRef = 2DE860EE23552B3B00227A86 /* Main.storyboard */; };
		2DE860F223552B3C00227A86 /* Assets.xcassets in Resources */ = {isa = PBXBuildFile; fileRef = 2DE860F123552B3C00227A86 /* Assets.xcassets */; };
		2DE860F523552B3C00227A86 /* LaunchScreen.storyboard in Resources */ = {isa = PBXBuildFile; fileRef = 2DE860F323552B3C00227A86 /* LaunchScreen.storyboard */; };
		2DE904D0235638790036C08A /* StatisticsViewController.swift in Sources */ = {isa = PBXBuildFile; fileRef = 2DE904CF235638790036C08A /* StatisticsViewController.swift */; };
		2DE904D2235639DE0036C08A /* Measures.swift in Sources */ = {isa = PBXBuildFile; fileRef = 2DE904D1235639DE0036C08A /* Measures.swift */; };
		2DF3B3F4265307EA00718334 /* WhackamouseViewController.swift in Sources */ = {isa = PBXBuildFile; fileRef = 2DF3B3F3265307EA00718334 /* WhackamouseViewController.swift */; };
/* End PBXBuildFile section */

/* Begin PBXContainerItemProxy section */
		068F394C2CA1E63E003409B0 /* PBXContainerItemProxy */ = {
			isa = PBXContainerItemProxy;
			containerPortal = 2DE860DD23552B3B00227A86 /* Project object */;
			proxyType = 1;
			remoteGlobalIDString = 068F39402CA1E63C003409B0;
			remoteInfo = "MicroKittyWatch Watch App";
		};
/* End PBXContainerItemProxy section */

/* Begin PBXCopyFilesBuildPhase section */
		060A91B32BF7DB97009C3E06 /* Embed Watch Content */ = {
			isa = PBXCopyFilesBuildPhase;
			buildActionMask = 2147483647;
			dstPath = "$(CONTENTS_FOLDER_PATH)/Watch";
			dstSubfolderSpec = 16;
			files = (
				068F394E2CA1E63E003409B0 /* MicroKittyWatch Watch App.app in Embed Watch Content */,
			);
			name = "Embed Watch Content";
			runOnlyForDeploymentPostprocessing = 0;
		};
		0680782B2BF7F4DB00DE70E8 /* Embed Frameworks */ = {
			isa = PBXCopyFilesBuildPhase;
			buildActionMask = 8;
			dstPath = "";
			dstSubfolderSpec = 10;
			files = (
				0680782D2BF7F4DC00DE70E8 /* StoreKit.framework in Embed Frameworks */,
			);
			name = "Embed Frameworks";
			runOnlyForDeploymentPostprocessing = 1;
		};
/* End PBXCopyFilesBuildPhase section */

/* Begin PBXFileReference section */
		060C8D3B2CA607FB00612D9C /* PhoneDataModel.swift */ = {isa = PBXFileReference; lastKnownFileType = sourcecode.swift; path = PhoneDataModel.swift; sourceTree = "<group>"; };
		0610F9632BF9157000D34275 /* OpenSSL.xcframework */ = {isa = PBXFileReference; lastKnownFileType = wrapper.xcframework; name = OpenSSL.xcframework; path = "Pods/OpenSSL-Universal/Frameworks/OpenSSL.xcframework"; sourceTree = "<group>"; };
		061FEDC12CA48112008FAB7E /* WatchConnectivity.framework */ = {isa = PBXFileReference; lastKnownFileType = wrapper.framework; name = WatchConnectivity.framework; path = System/Library/Frameworks/WatchConnectivity.framework; sourceTree = SDKROOT; };
		068F393C2CA1E206003409B0 /* Micro Kitty.app */ = {isa = PBXFileReference; explicitFileType = wrapper.application; includeInIndex = 0; path = "Micro Kitty.app"; sourceTree = BUILT_PRODUCTS_DIR; };
		068F39412CA1E63C003409B0 /* MicroKittyWatch Watch App.app */ = {isa = PBXFileReference; explicitFileType = wrapper.application; includeInIndex = 0; path = "MicroKittyWatch Watch App.app"; sourceTree = BUILT_PRODUCTS_DIR; };
		06D873942CA7409500B7B732 /* dogicapixel.otf */ = {isa = PBXFileReference; lastKnownFileType = file; path = dogicapixel.otf; sourceTree = "<group>"; };
		06D873972CA7409F00B7B732 /* dogicapixelbold.otf */ = {isa = PBXFileReference; lastKnownFileType = file; path = dogicapixelbold.otf; sourceTree = "<group>"; };
		06D8739A2CA740BA00B7B732 /* 04b.ttf */ = {isa = PBXFileReference; lastKnownFileType = file; path = 04b.ttf; sourceTree = "<group>"; };
		128EF8D2ED0030ABE520592C /* Pods-Micro KittyTests.release.xcconfig */ = {isa = PBXFileReference; includeInIndex = 1; lastKnownFileType = text.xcconfig; name = "Pods-Micro KittyTests.release.xcconfig"; path = "Target Support Files/Pods-Micro KittyTests/Pods-Micro KittyTests.release.xcconfig"; sourceTree = "<group>"; };
		2D064FAD2387193A00257315 /* Receipt.swift */ = {isa = PBXFileReference; lastKnownFileType = sourcecode.swift; path = Receipt.swift; sourceTree = "<group>"; };
		2D064FB02387227B00257315 /* Header.h */ = {isa = PBXFileReference; lastKnownFileType = sourcecode.c.h; path = Header.h; sourceTree = "<group>"; };
		2D064FB123872A6B00257315 /* ReceiptItem.swift */ = {isa = PBXFileReference; lastKnownFileType = sourcecode.swift; path = ReceiptItem.swift; sourceTree = "<group>"; };
		2D064FB323872EEC00257315 /* Helpers.swift */ = {isa = PBXFileReference; lastKnownFileType = sourcecode.swift; path = Helpers.swift; sourceTree = "<group>"; };
		2D0C3CFA2363A7E300EA064A /* DecorManager.swift */ = {isa = PBXFileReference; lastKnownFileType = sourcecode.swift; path = DecorManager.swift; sourceTree = "<group>"; };
		2D123A8B25C9F50E005EBFEB /* ViewModel.swift */ = {isa = PBXFileReference; lastKnownFileType = sourcecode.swift; path = ViewModel.swift; sourceTree = "<group>"; };
		2D123A8D25CA009E005EBFEB /* ViewModel+CoreData.swift */ = {isa = PBXFileReference; lastKnownFileType = sourcecode.swift; path = "ViewModel+CoreData.swift"; sourceTree = "<group>"; };
		2D220E3C25CB47CB00D02FE7 /* StoreViewModel.swift */ = {isa = PBXFileReference; lastKnownFileType = sourcecode.swift; path = StoreViewModel.swift; sourceTree = "<group>"; };
		2D220E3E25CB5A9600D02FE7 /* PawShopViewModel.swift */ = {isa = PBXFileReference; lastKnownFileType = sourcecode.swift; path = PawShopViewModel.swift; sourceTree = "<group>"; };
		2D220E4025CB5B6B00D02FE7 /* StoreManager.swift */ = {isa = PBXFileReference; lastKnownFileType = sourcecode.swift; path = StoreManager.swift; sourceTree = "<group>"; };
		2D2D6CDA27C6A6E000D9E770 /* Kitchen Items.swift */ = {isa = PBXFileReference; lastKnownFileType = sourcecode.swift; path = "Kitchen Items.swift"; sourceTree = "<group>"; };
		2D3583C0237CC1F3005A6C56 /* AnimationManager.swift */ = {isa = PBXFileReference; lastKnownFileType = sourcecode.swift; path = AnimationManager.swift; sourceTree = "<group>"; };
		2D3E67E3236C9D3B00A80612 /* Extensions.swift */ = {isa = PBXFileReference; lastKnownFileType = sourcecode.swift; path = Extensions.swift; sourceTree = "<group>"; };
		2D3F10EB27C812B6000C4386 /* Data 3.xcdatamodel */ = {isa = PBXFileReference; lastKnownFileType = wrapper.xcdatamodel; path = "Data 3.xcdatamodel"; sourceTree = "<group>"; };
		2D519C9F266FD11400551452 /* AppleIncRootCertificate.cer */ = {isa = PBXFileReference; lastKnownFileType = file; name = AppleIncRootCertificate.cer; path = ../../../../Downloads/AppleIncRootCertificate.cer; sourceTree = "<group>"; };
		2D6FCA85235A169500560CB2 /* Data.xcdatamodel */ = {isa = PBXFileReference; lastKnownFileType = wrapper.xcdatamodel; path = Data.xcdatamodel; sourceTree = "<group>"; };
		2D6FCA87235A1D7500560CB2 /* Currency.swift */ = {isa = PBXFileReference; lastKnownFileType = sourcecode.swift; path = Currency.swift; sourceTree = "<group>"; };
		2D6FCA89235A1DFC00560CB2 /* CoreDataManager.swift */ = {isa = PBXFileReference; lastKnownFileType = sourcecode.swift; path = CoreDataManager.swift; sourceTree = "<group>"; };
		2D6FCA8C235A596100560CB2 /* Timer.swift */ = {isa = PBXFileReference; lastKnownFileType = sourcecode.swift; path = Timer.swift; sourceTree = "<group>"; };
		2D7146CD235BB6BB0064B576 /* StoreItem.swift */ = {isa = PBXFileReference; lastKnownFileType = sourcecode.swift; path = StoreItem.swift; sourceTree = "<group>"; };
		2D7146CF235BB8560064B576 /* StoreInventory.swift */ = {isa = PBXFileReference; lastKnownFileType = sourcecode.swift; path = StoreInventory.swift; sourceTree = "<group>"; };
		2D7146D1235BBE440064B576 /* StoreViewController.swift */ = {isa = PBXFileReference; lastKnownFileType = sourcecode.swift; path = StoreViewController.swift; sourceTree = "<group>"; };
		2D7146D3235BBF130064B576 /* StoreCollectionViewCell.swift */ = {isa = PBXFileReference; lastKnownFileType = sourcecode.swift; path = StoreCollectionViewCell.swift; sourceTree = "<group>"; };
		2D72E136265421BA003CE02C /* GameViewModel.swift */ = {isa = PBXFileReference; lastKnownFileType = sourcecode.swift; path = GameViewModel.swift; sourceTree = "<group>"; };
		2D72E138265421F4003CE02C /* GameModel.swift */ = {isa = PBXFileReference; lastKnownFileType = sourcecode.swift; path = GameModel.swift; sourceTree = "<group>"; };
		2D72E13B265423BB003CE02C /* GameTimer.swift */ = {isa = PBXFileReference; lastKnownFileType = sourcecode.swift; path = GameTimer.swift; sourceTree = "<group>"; };
		2D789156239C40FE00053B4E /* Sounds.swift */ = {isa = PBXFileReference; lastKnownFileType = sourcecode.swift; path = Sounds.swift; sourceTree = "<group>"; };
		2D789158239C414700053B4E /* Blop-Mark_DiAngelo-79054334.wav */ = {isa = PBXFileReference; lastKnownFileType = audio.wav; path = "Blop-Mark_DiAngelo-79054334.wav"; sourceTree = "<group>"; };
		2D78915A239C43F300053B4E /* Ting-Popup_Pixels-349896185.wav */ = {isa = PBXFileReference; lastKnownFileType = audio.wav; path = "Ting-Popup_Pixels-349896185.wav"; sourceTree = "<group>"; };
		2D7BE30525F839B200FADF7F /* ButtonsManager.swift */ = {isa = PBXFileReference; lastKnownFileType = sourcecode.swift; path = ButtonsManager.swift; sourceTree = "<group>"; };
		2D81355925F6D34400E461ED /* Colors.swift */ = {isa = PBXFileReference; lastKnownFileType = sourcecode.swift; path = Colors.swift; sourceTree = "<group>"; };
		2D8D4EB127C977A0008FF48E /* Bathroom Items.swift */ = {isa = PBXFileReference; lastKnownFileType = sourcecode.swift; path = "Bathroom Items.swift"; sourceTree = "<group>"; usesTabs = 0; wrapsLines = 1; };
		2D96CA9A25CDFD4C00A89C32 /* Pedometer.swift */ = {isa = PBXFileReference; lastKnownFileType = sourcecode.swift; path = Pedometer.swift; sourceTree = "<group>"; };
		2D96CA9C25CDFF4F00A89C32 /* StepViewModel.swift */ = {isa = PBXFileReference; lastKnownFileType = sourcecode.swift; path = StepViewModel.swift; sourceTree = "<group>"; };
		2D9B0E0025E45E52009D75ED /* Bowls.swift */ = {isa = PBXFileReference; lastKnownFileType = sourcecode.swift; path = Bowls.swift; sourceTree = "<group>"; };
		2D9D68BE23A2C186005EBB35 /* AboutViewController.swift */ = {isa = PBXFileReference; lastKnownFileType = sourcecode.swift; path = AboutViewController.swift; sourceTree = "<group>"; };
		2DA2E41E238DD71700541771 /* NetworkMonitor.swift */ = {isa = PBXFileReference; lastKnownFileType = sourcecode.swift; path = NetworkMonitor.swift; sourceTree = "<group>"; };
		2DA3C65425DC716D004D831E /* UIViewExtension.swift */ = {isa = PBXFileReference; lastKnownFileType = sourcecode.swift; path = UIViewExtension.swift; sourceTree = "<group>"; };
		2DA3C65625DC7AD7004D831E /* ViewController+Animations.swift */ = {isa = PBXFileReference; lastKnownFileType = sourcecode.swift; path = "ViewController+Animations.swift"; sourceTree = "<group>"; };
		2DA5595F2360FE50006B3B9D /* PurchaseState.swift */ = {isa = PBXFileReference; lastKnownFileType = sourcecode.swift; path = PurchaseState.swift; sourceTree = "<group>"; };
		2DA998EB25CCAD4200344349 /* AboutViewModel.swift */ = {isa = PBXFileReference; lastKnownFileType = sourcecode.swift; name = AboutViewModel.swift; path = "Amble Cat/View Models/AboutViewModel.swift"; sourceTree = SOURCE_ROOT; };
		2DC80B852384A932006841AE /* PawShopTableViewCell.swift */ = {isa = PBXFileReference; lastKnownFileType = sourcecode.swift; path = PawShopTableViewCell.swift; sourceTree = "<group>"; };
		2DC80B872384AC62006841AE /* PawShopViewController.swift */ = {isa = PBXFileReference; lastKnownFileType = sourcecode.swift; path = PawShopViewController.swift; sourceTree = "<group>"; };
		2DC80B892384ADDF006841AE /* StoreObserver.swift */ = {isa = PBXFileReference; lastKnownFileType = sourcecode.swift; path = StoreObserver.swift; sourceTree = "<group>"; };
		2DC80B8B2384AF23006841AE /* Products.swift */ = {isa = PBXFileReference; lastKnownFileType = sourcecode.swift; path = Products.swift; sourceTree = "<group>"; };
		2DC80B912384B314006841AE /* StoreKit.framework */ = {isa = PBXFileReference; lastKnownFileType = wrapper.framework; name = StoreKit.framework; path = System/Library/Frameworks/StoreKit.framework; sourceTree = SDKROOT; };
		2DCB2B5A239ECF750080DC93 /* Blastwave_FX_CashRegister_S08IN.92.mp3 */ = {isa = PBXFileReference; lastKnownFileType = audio.mp3; path = Blastwave_FX_CashRegister_S08IN.92.mp3; sourceTree = "<group>"; };
		2DCB2B5C239EF0090080DC93 /* animals_cat_meow_002.mp3 */ = {isa = PBXFileReference; lastKnownFileType = audio.mp3; path = animals_cat_meow_002.mp3; sourceTree = "<group>"; };
		2DCB2B5E239EF3B40080DC93 /* animals_cat_meow_003.mp3 */ = {isa = PBXFileReference; lastKnownFileType = audio.mp3; path = animals_cat_meow_003.mp3; sourceTree = "<group>"; };
		2DCB2B60239EF6980080DC93 /* sound_ex_machina_Buttons+-+Glass+Button.mp3 */ = {isa = PBXFileReference; lastKnownFileType = audio.mp3; path = "sound_ex_machina_Buttons+-+Glass+Button.mp3"; sourceTree = "<group>"; };
		2DDE569423809B9800398454 /* CareState.swift */ = {isa = PBXFileReference; lastKnownFileType = sourcecode.swift; path = CareState.swift; sourceTree = "<group>"; };
		2DDFFDD2265818A10008193C /* Random.swift */ = {isa = PBXFileReference; lastKnownFileType = sourcecode.swift; path = Random.swift; sourceTree = "<group>"; };
		2DDFFDD4265828950008193C /* Data 2.xcdatamodel */ = {isa = PBXFileReference; lastKnownFileType = wrapper.xcdatamodel; path = "Data 2.xcdatamodel"; sourceTree = "<group>"; };
		2DE0BC432603F3CE00D811FF /* StepTotalDelegate.swift */ = {isa = PBXFileReference; lastKnownFileType = sourcecode.swift; path = StepTotalDelegate.swift; sourceTree = "<group>"; };
		2DE860E823552B3B00227A86 /* AppDelegate.swift */ = {isa = PBXFileReference; lastKnownFileType = sourcecode.swift; path = AppDelegate.swift; sourceTree = "<group>"; };
		2DE860EA23552B3B00227A86 /* SceneDelegate.swift */ = {isa = PBXFileReference; lastKnownFileType = sourcecode.swift; path = SceneDelegate.swift; sourceTree = "<group>"; };
		2DE860EC23552B3B00227A86 /* ViewController.swift */ = {isa = PBXFileReference; indentWidth = 5; lastKnownFileType = sourcecode.swift; path = ViewController.swift; sourceTree = "<group>"; };
		2DE860EF23552B3B00227A86 /* Base */ = {isa = PBXFileReference; lastKnownFileType = file.storyboard; name = Base; path = Base.lproj/Main.storyboard; sourceTree = "<group>"; };
		2DE860F123552B3C00227A86 /* Assets.xcassets */ = {isa = PBXFileReference; lastKnownFileType = folder.assetcatalog; path = Assets.xcassets; sourceTree = "<group>"; };
		2DE860F423552B3C00227A86 /* Base */ = {isa = PBXFileReference; lastKnownFileType = file.storyboard; name = Base; path = Base.lproj/LaunchScreen.storyboard; sourceTree = "<group>"; };
		2DE860F623552B3C00227A86 /* Info.plist */ = {isa = PBXFileReference; lastKnownFileType = text.plist.xml; path = Info.plist; sourceTree = "<group>"; };
		2DE860FF23552B3C00227A86 /* Amble_CatTests.swift */ = {isa = PBXFileReference; lastKnownFileType = sourcecode.swift; path = Amble_CatTests.swift; sourceTree = "<group>"; };
		2DE8610123552B3D00227A86 /* Info.plist */ = {isa = PBXFileReference; lastKnownFileType = text.plist.xml; path = Info.plist; sourceTree = "<group>"; };
		2DE8610A23552B3D00227A86 /* Amble_CatUITests.swift */ = {isa = PBXFileReference; lastKnownFileType = sourcecode.swift; path = Amble_CatUITests.swift; sourceTree = "<group>"; };
		2DE8610C23552B3D00227A86 /* Info.plist */ = {isa = PBXFileReference; lastKnownFileType = text.plist.xml; path = Info.plist; sourceTree = "<group>"; };
		2DE8611B23552CAA00227A86 /* HealthKit.framework */ = {isa = PBXFileReference; lastKnownFileType = wrapper.framework; name = HealthKit.framework; path = System/Library/Frameworks/HealthKit.framework; sourceTree = SDKROOT; };
		2DE904CF235638790036C08A /* StatisticsViewController.swift */ = {isa = PBXFileReference; lastKnownFileType = sourcecode.swift; path = StatisticsViewController.swift; sourceTree = "<group>"; };
		2DE904D1235639DE0036C08A /* Measures.swift */ = {isa = PBXFileReference; lastKnownFileType = sourcecode.swift; path = Measures.swift; sourceTree = "<group>"; };
		2DF3B3F3265307EA00718334 /* WhackamouseViewController.swift */ = {isa = PBXFileReference; lastKnownFileType = sourcecode.swift; path = WhackamouseViewController.swift; sourceTree = "<group>"; };
		71AA2EED0D4EE90C0A147F4F /* Pods-Micro KittyTests.debug.xcconfig */ = {isa = PBXFileReference; includeInIndex = 1; lastKnownFileType = text.xcconfig; name = "Pods-Micro KittyTests.debug.xcconfig"; path = "Target Support Files/Pods-Micro KittyTests/Pods-Micro KittyTests.debug.xcconfig"; sourceTree = "<group>"; };
		74AC6636ABEF03DA37181F32 /* Pods-Micro Kitty.debug.xcconfig */ = {isa = PBXFileReference; includeInIndex = 1; lastKnownFileType = text.xcconfig; name = "Pods-Micro Kitty.debug.xcconfig"; path = "Target Support Files/Pods-Micro Kitty/Pods-Micro Kitty.debug.xcconfig"; sourceTree = "<group>"; };
		90FD1F98864D55BE442049AD /* Pods-Micro Kitty-Micro KittyUITests.release.xcconfig */ = {isa = PBXFileReference; includeInIndex = 1; lastKnownFileType = text.xcconfig; name = "Pods-Micro Kitty-Micro KittyUITests.release.xcconfig"; path = "Target Support Files/Pods-Micro Kitty-Micro KittyUITests/Pods-Micro Kitty-Micro KittyUITests.release.xcconfig"; sourceTree = "<group>"; };
		A812273E455FEA7F12ADC8B0 /* Pods-Micro Kitty.release.xcconfig */ = {isa = PBXFileReference; includeInIndex = 1; lastKnownFileType = text.xcconfig; name = "Pods-Micro Kitty.release.xcconfig"; path = "Target Support Files/Pods-Micro Kitty/Pods-Micro Kitty.release.xcconfig"; sourceTree = "<group>"; };
		BEBB5DC8054B7257A3729F6F /* Pods-Micro Kitty-Micro KittyUITests.debug.xcconfig */ = {isa = PBXFileReference; includeInIndex = 1; lastKnownFileType = text.xcconfig; name = "Pods-Micro Kitty-Micro KittyUITests.debug.xcconfig"; path = "Target Support Files/Pods-Micro Kitty-Micro KittyUITests/Pods-Micro Kitty-Micro KittyUITests.debug.xcconfig"; sourceTree = "<group>"; };
/* End PBXFileReference section */

/* Begin PBXFileSystemSynchronizedRootGroup section */
		068F39422CA1E63C003409B0 /* MicroKittyWatch Watch App */ = {isa = PBXFileSystemSynchronizedRootGroup; explicitFileTypes = {}; explicitFolders = (); path = "MicroKittyWatch Watch App"; sourceTree = "<group>"; };
/* End PBXFileSystemSynchronizedRootGroup section */

/* Begin PBXFrameworksBuildPhase section */
		068F393E2CA1E63C003409B0 /* Frameworks */ = {
			isa = PBXFrameworksBuildPhase;
			buildActionMask = 2147483647;
			files = (
			);
			runOnlyForDeploymentPostprocessing = 0;
		};
		2DE860E223552B3B00227A86 /* Frameworks */ = {
			isa = PBXFrameworksBuildPhase;
			buildActionMask = 2147483647;
			files = (
				0610F9642BF9157000D34275 /* OpenSSL.xcframework in Frameworks */,
				0680782C2BF7F4DC00DE70E8 /* StoreKit.framework in Frameworks */,
			);
			runOnlyForDeploymentPostprocessing = 0;
		};
/* End PBXFrameworksBuildPhase section */

/* Begin PBXGroup section */
		1294E9DE63409045269B25ED /* Pods */ = {
			isa = PBXGroup;
			children = (
				74AC6636ABEF03DA37181F32 /* Pods-Micro Kitty.debug.xcconfig */,
				A812273E455FEA7F12ADC8B0 /* Pods-Micro Kitty.release.xcconfig */,
				BEBB5DC8054B7257A3729F6F /* Pods-Micro Kitty-Micro KittyUITests.debug.xcconfig */,
				90FD1F98864D55BE442049AD /* Pods-Micro Kitty-Micro KittyUITests.release.xcconfig */,
				71AA2EED0D4EE90C0A147F4F /* Pods-Micro KittyTests.debug.xcconfig */,
				128EF8D2ED0030ABE520592C /* Pods-Micro KittyTests.release.xcconfig */,
			);
			path = Pods;
			sourceTree = "<group>";
		};
		2D123A8925C9F293005EBFEB /* Helpers */ = {
			isa = PBXGroup;
			children = (
				2DE904D1235639DE0036C08A /* Measures.swift */,
				2DDFFDD2265818A10008193C /* Random.swift */,
				2DA2E41E238DD71700541771 /* NetworkMonitor.swift */,
				2DA3C65425DC716D004D831E /* UIViewExtension.swift */,
				2D81355925F6D34400E461ED /* Colors.swift */,
				2D7BE30525F839B200FADF7F /* ButtonsManager.swift */,
				2DE0BC432603F3CE00D811FF /* StepTotalDelegate.swift */,
			);
			path = Helpers;
			sourceTree = "<group>";
		};
		2D123A8A25C9F4F0005EBFEB /* View Models */ = {
			isa = PBXGroup;
			children = (
				2D96CA9C25CDFF4F00A89C32 /* StepViewModel.swift */,
				060C8D3B2CA607FB00612D9C /* PhoneDataModel.swift */,
				2D123A8B25C9F50E005EBFEB /* ViewModel.swift */,
				2D123A8D25CA009E005EBFEB /* ViewModel+CoreData.swift */,
				2D72E136265421BA003CE02C /* GameViewModel.swift */,
				2D220E3C25CB47CB00D02FE7 /* StoreViewModel.swift */,
				2D220E3E25CB5A9600D02FE7 /* PawShopViewModel.swift */,
				2DA998EB25CCAD4200344349 /* AboutViewModel.swift */,
			);
			path = "View Models";
			sourceTree = "<group>";
		};
		2D6FCA8B235A1E0000560CB2 /* Core Data */ = {
			isa = PBXGroup;
			children = (
				2D6FCA89235A1DFC00560CB2 /* CoreDataManager.swift */,
				2D6FCA84235A169500560CB2 /* Data.xcdatamodeld */,
			);
			path = "Core Data";
			sourceTree = "<group>";
		};
		2D72E13A265423A9003CE02C /* Game */ = {
			isa = PBXGroup;
			children = (
				2D72E138265421F4003CE02C /* GameModel.swift */,
				2D72E13B265423BB003CE02C /* GameTimer.swift */,
			);
			path = Game;
			sourceTree = "<group>";
		};
		2D96CA9925CDFD4000A89C32 /* Pedometer */ = {
			isa = PBXGroup;
			children = (
				2D96CA9A25CDFD4C00A89C32 /* Pedometer.swift */,
			);
			path = Pedometer;
			sourceTree = "<group>";
		};
		2DC80B8E2384AF67006841AE /* Animation */ = {
			isa = PBXGroup;
			children = (
				2D6FCA8C235A596100560CB2 /* Timer.swift */,
				2D3583C0237CC1F3005A6C56 /* AnimationManager.swift */,
			);
			path = Animation;
			sourceTree = "<group>";
		};
		2DC80B8F2384AF7E006841AE /* Decor Shop */ = {
			isa = PBXGroup;
			children = (
				2D7146CD235BB6BB0064B576 /* StoreItem.swift */,
				2D7146CF235BB8560064B576 /* StoreInventory.swift */,
				2D2D6CDA27C6A6E000D9E770 /* Kitchen Items.swift */,
				2D8D4EB127C977A0008FF48E /* Bathroom Items.swift */,
				2DA5595F2360FE50006B3B9D /* PurchaseState.swift */,
				2D0C3CFA2363A7E300EA064A /* DecorManager.swift */,
				2D9B0E0025E45E52009D75ED /* Bowls.swift */,
			);
			path = "Decor Shop";
			sourceTree = "<group>";
		};
		2DC80B902384AF96006841AE /* Purchases */ = {
			isa = PBXGroup;
			children = (
				2DC80B892384ADDF006841AE /* StoreObserver.swift */,
				2DC80B8B2384AF23006841AE /* Products.swift */,
				2D064FAD2387193A00257315 /* Receipt.swift */,
				2D064FB323872EEC00257315 /* Helpers.swift */,
				2D064FB123872A6B00257315 /* ReceiptItem.swift */,
				2D220E4025CB5B6B00D02FE7 /* StoreManager.swift */,
			);
			path = Purchases;
			sourceTree = "<group>";
		};
		2DCB2B62239F087C0080DC93 /* Sounds */ = {
			isa = PBXGroup;
			children = (
				2D789156239C40FE00053B4E /* Sounds.swift */,
				2D789158239C414700053B4E /* Blop-Mark_DiAngelo-79054334.wav */,
				2DCB2B5C239EF0090080DC93 /* animals_cat_meow_002.mp3 */,
				2DCB2B60239EF6980080DC93 /* sound_ex_machina_Buttons+-+Glass+Button.mp3 */,
				2DCB2B5E239EF3B40080DC93 /* animals_cat_meow_003.mp3 */,
				2D78915A239C43F300053B4E /* Ting-Popup_Pixels-349896185.wav */,
				2DCB2B5A239ECF750080DC93 /* Blastwave_FX_CashRegister_S08IN.92.mp3 */,
			);
			path = Sounds;
			sourceTree = "<group>";
		};
		2DE860DC23552B3B00227A86 = {
			isa = PBXGroup;
			children = (
				2DE860E723552B3B00227A86 /* Amble Cat */,
				2DE860FE23552B3C00227A86 /* Amble CatTests */,
				2DE8610923552B3D00227A86 /* Amble CatUITests */,
				068F39422CA1E63C003409B0 /* MicroKittyWatch Watch App */,
				2DE8611A23552CAA00227A86 /* Frameworks */,
				1294E9DE63409045269B25ED /* Pods */,
				068F393C2CA1E206003409B0 /* Micro Kitty.app */,
				068F39412CA1E63C003409B0 /* MicroKittyWatch Watch App.app */,
			);
			sourceTree = "<group>";
		};
		2DE860E723552B3B00227A86 /* Amble Cat */ = {
			isa = PBXGroup;
			children = (
				2D519C9F266FD11400551452 /* AppleIncRootCertificate.cer */,
				2DE860E823552B3B00227A86 /* AppDelegate.swift */,
				2DE904D3235639F30036C08A /* Models */,
				2D123A8A25C9F4F0005EBFEB /* View Models */,
				2DE904CE23562CD90036C08A /* Views */,
				2DE860EE23552B3B00227A86 /* Main.storyboard */,
				2D064FB02387227B00257315 /* Header.h */,
				2DCB2B62239F087C0080DC93 /* Sounds */,
				2D3E67E3236C9D3B00A80612 /* Extensions.swift */,
				06D8739A2CA740BA00B7B732 /* 04b.ttf */,
				06D873942CA7409500B7B732 /* dogicapixel.otf */,
				06D873972CA7409F00B7B732 /* dogicapixelbold.otf */,
				2DE860F123552B3C00227A86 /* Assets.xcassets */,
				2DE860F323552B3C00227A86 /* LaunchScreen.storyboard */,
				2D6FCA8B235A1E0000560CB2 /* Core Data */,
				2DE860F623552B3C00227A86 /* Info.plist */,
			);
			path = "Amble Cat";
			sourceTree = "<group>";
		};
		2DE860FE23552B3C00227A86 /* Amble CatTests */ = {
			isa = PBXGroup;
			children = (
				2DE860FF23552B3C00227A86 /* Amble_CatTests.swift */,
				2DE8610123552B3D00227A86 /* Info.plist */,
			);
			path = "Amble CatTests";
			sourceTree = "<group>";
		};
		2DE8610923552B3D00227A86 /* Amble CatUITests */ = {
			isa = PBXGroup;
			children = (
				2DE8610A23552B3D00227A86 /* Amble_CatUITests.swift */,
				2DE8610C23552B3D00227A86 /* Info.plist */,
			);
			path = "Amble CatUITests";
			sourceTree = "<group>";
		};
		2DE8611A23552CAA00227A86 /* Frameworks */ = {
			isa = PBXGroup;
			children = (
				061FEDC12CA48112008FAB7E /* WatchConnectivity.framework */,
				0610F9632BF9157000D34275 /* OpenSSL.xcframework */,
				2DC80B912384B314006841AE /* StoreKit.framework */,
				2DE8611B23552CAA00227A86 /* HealthKit.framework */,
			);
			name = Frameworks;
			sourceTree = "<group>";
		};
		2DE904CE23562CD90036C08A /* Views */ = {
			isa = PBXGroup;
			children = (
				2DE860EC23552B3B00227A86 /* ViewController.swift */,
				2DA3C65625DC7AD7004D831E /* ViewController+Animations.swift */,
				2DF3B3F3265307EA00718334 /* WhackamouseViewController.swift */,
				2D7146D1235BBE440064B576 /* StoreViewController.swift */,
				2D7146D3235BBF130064B576 /* StoreCollectionViewCell.swift */,
				2DE904CF235638790036C08A /* StatisticsViewController.swift */,
				2DE860EA23552B3B00227A86 /* SceneDelegate.swift */,
				2DC80B872384AC62006841AE /* PawShopViewController.swift */,
				2DC80B852384A932006841AE /* PawShopTableViewCell.swift */,
				2D9D68BE23A2C186005EBB35 /* AboutViewController.swift */,
			);
			path = Views;
			sourceTree = "<group>";
		};
		2DE904D3235639F30036C08A /* Models */ = {
			isa = PBXGroup;
			children = (
				2DC80B8E2384AF67006841AE /* Animation */,
				2D6FCA87235A1D7500560CB2 /* Currency.swift */,
				2D72E13A265423A9003CE02C /* Game */,
				2DDE569423809B9800398454 /* CareState.swift */,
				2D96CA9925CDFD4000A89C32 /* Pedometer */,
				2DC80B8F2384AF7E006841AE /* Decor Shop */,
				2DC80B902384AF96006841AE /* Purchases */,
				2D123A8925C9F293005EBFEB /* Helpers */,
			);
			path = Models;
			sourceTree = "<group>";
		};
/* End PBXGroup section */

/* Begin PBXNativeTarget section */
		068F39402CA1E63C003409B0 /* MicroKittyWatch Watch App */ = {
			isa = PBXNativeTarget;
			buildConfigurationList = 068F39512CA1E63E003409B0 /* Build configuration list for PBXNativeTarget "MicroKittyWatch Watch App" */;
			buildPhases = (
				068F393D2CA1E63C003409B0 /* Sources */,
				068F393E2CA1E63C003409B0 /* Frameworks */,
				068F393F2CA1E63C003409B0 /* Resources */,
			);
			buildRules = (
			);
			dependencies = (
			);
			fileSystemSynchronizedGroups = (
				068F39422CA1E63C003409B0 /* MicroKittyWatch Watch App */,
			);
			name = "MicroKittyWatch Watch App";
			packageProductDependencies = (
			);
			productName = "MicroKittyWatch Watch App";
			productReference = 068F39412CA1E63C003409B0 /* MicroKittyWatch Watch App.app */;
			productType = "com.apple.product-type.application";
		};
		2DE860E423552B3B00227A86 /* Micro Kitty */ = {
			isa = PBXNativeTarget;
			buildConfigurationList = 2DE8610F23552B3D00227A86 /* Build configuration list for PBXNativeTarget "Micro Kitty" */;
			buildPhases = (
				BF21380E1A5DBD193B5BABB9 /* [CP] Check Pods Manifest.lock */,
				2DE860E123552B3B00227A86 /* Sources */,
				2DE860E223552B3B00227A86 /* Frameworks */,
				2DE860E323552B3B00227A86 /* Resources */,
				7673E0B6E7B88B37232D6D51 /* [CP] Embed Pods Frameworks */,
				060A91B32BF7DB97009C3E06 /* Embed Watch Content */,
				0680782B2BF7F4DB00DE70E8 /* Embed Frameworks */,
			);
			buildRules = (
			);
			dependencies = (
				068F394D2CA1E63E003409B0 /* PBXTargetDependency */,
			);
			name = "Micro Kitty";
			productName = "Amble Cat";
			productReference = 068F393C2CA1E206003409B0 /* Micro Kitty.app */;
			productType = "com.apple.product-type.application";
		};
/* End PBXNativeTarget section */

/* Begin PBXProject section */
		2DE860DD23552B3B00227A86 /* Project object */ = {
			isa = PBXProject;
			attributes = {
				BuildIndependentTargetsInParallel = YES;
				LastSwiftUpdateCheck = 1600;
				LastUpgradeCheck = 1600;
				ORGANIZATIONNAME = "Kate Duncan-Welke";
				TargetAttributes = {
					068F39402CA1E63C003409B0 = {
						CreatedOnToolsVersion = 16.0;
					};
					2DE860E423552B3B00227A86 = {
						CreatedOnToolsVersion = 11.0;
					};
				};
			};
			buildConfigurationList = 2DE860E023552B3B00227A86 /* Build configuration list for PBXProject "Micro Kitty" */;
			compatibilityVersion = "Xcode 9.3";
			developmentRegion = en;
			hasScannedForEncodings = 0;
			knownRegions = (
				en,
				Base,
			);
			mainGroup = 2DE860DC23552B3B00227A86;
			productRefGroup = 2DE860DC23552B3B00227A86;
			projectDirPath = "";
			projectRoot = "";
			targets = (
				2DE860E423552B3B00227A86 /* Micro Kitty */,
				068F39402CA1E63C003409B0 /* MicroKittyWatch Watch App */,
			);
		};
/* End PBXProject section */

/* Begin PBXResourcesBuildPhase section */
		068F393F2CA1E63C003409B0 /* Resources */ = {
			isa = PBXResourcesBuildPhase;
			buildActionMask = 2147483647;
			files = (
				0655E4712CADA5F0000CF4B8 /* 04b.ttf in Resources */,
				0655E4722CADA5F6000CF4B8 /* dogicapixel.otf in Resources */,
				0655E4732CADA5FC000CF4B8 /* dogicapixelbold.otf in Resources */,
				068F39692CA1EF7C003409B0 /* Assets.xcassets in Resources */,
			);
			runOnlyForDeploymentPostprocessing = 0;
		};
		2DE860E323552B3B00227A86 /* Resources */ = {
			isa = PBXResourcesBuildPhase;
			buildActionMask = 2147483647;
			files = (
				2DCB2B61239EF6980080DC93 /* sound_ex_machina_Buttons+-+Glass+Button.mp3 in Resources */,
				2DCB2B5F239EF3B40080DC93 /* animals_cat_meow_003.mp3 in Resources */,
				2DE860F523552B3C00227A86 /* LaunchScreen.storyboard in Resources */,
				06D873952CA7409500B7B732 /* dogicapixel.otf in Resources */,
				2D789159239C414700053B4E /* Blop-Mark_DiAngelo-79054334.wav in Resources */,
				2DCB2B5D239EF00A0080DC93 /* animals_cat_meow_002.mp3 in Resources */,
				06D873992CA7409F00B7B732 /* dogicapixelbold.otf in Resources */,
				2DE860F223552B3C00227A86 /* Assets.xcassets in Resources */,
				2DCB2B5B239ECF760080DC93 /* Blastwave_FX_CashRegister_S08IN.92.mp3 in Resources */,
				06D8739B2CA740BA00B7B732 /* 04b.ttf in Resources */,
				2D78915B239C43F300053B4E /* Ting-Popup_Pixels-349896185.wav in Resources */,
				2DE860F023552B3B00227A86 /* Main.storyboard in Resources */,
			);
			runOnlyForDeploymentPostprocessing = 0;
		};
/* End PBXResourcesBuildPhase section */

/* Begin PBXShellScriptBuildPhase section */
		7673E0B6E7B88B37232D6D51 /* [CP] Embed Pods Frameworks */ = {
			isa = PBXShellScriptBuildPhase;
			buildActionMask = 2147483647;
			files = (
			);
			inputFileListPaths = (
				"${PODS_ROOT}/Target Support Files/Pods-Micro Kitty/Pods-Micro Kitty-frameworks-${CONFIGURATION}-input-files.xcfilelist",
			);
			name = "[CP] Embed Pods Frameworks";
			outputFileListPaths = (
				"${PODS_ROOT}/Target Support Files/Pods-Micro Kitty/Pods-Micro Kitty-frameworks-${CONFIGURATION}-output-files.xcfilelist",
			);
			runOnlyForDeploymentPostprocessing = 0;
			shellPath = /bin/sh;
			shellScript = "\"${PODS_ROOT}/Target Support Files/Pods-Micro Kitty/Pods-Micro Kitty-frameworks.sh\"\n";
			showEnvVarsInLog = 0;
		};
		BF21380E1A5DBD193B5BABB9 /* [CP] Check Pods Manifest.lock */ = {
			isa = PBXShellScriptBuildPhase;
			buildActionMask = 2147483647;
			files = (
			);
			inputFileListPaths = (
			);
			inputPaths = (
				"${PODS_PODFILE_DIR_PATH}/Podfile.lock",
				"${PODS_ROOT}/Manifest.lock",
			);
			name = "[CP] Check Pods Manifest.lock";
			outputFileListPaths = (
			);
			outputPaths = (
				"$(DERIVED_FILE_DIR)/Pods-Micro Kitty-checkManifestLockResult.txt",
			);
			runOnlyForDeploymentPostprocessing = 0;
			shellPath = /bin/sh;
			shellScript = "diff \"${PODS_PODFILE_DIR_PATH}/Podfile.lock\" \"${PODS_ROOT}/Manifest.lock\" > /dev/null\nif [ $? != 0 ] ; then\n    # print error to STDERR\n    echo \"error: The sandbox is not in sync with the Podfile.lock. Run 'pod install' or update your CocoaPods installation.\" >&2\n    exit 1\nfi\n# This output is used by Xcode 'outputs' to avoid re-running this script phase.\necho \"SUCCESS\" > \"${SCRIPT_OUTPUT_FILE_0}\"\n";
			showEnvVarsInLog = 0;
		};
/* End PBXShellScriptBuildPhase section */

/* Begin PBXSourcesBuildPhase section */
		068F393D2CA1E63C003409B0 /* Sources */ = {
			isa = PBXSourcesBuildPhase;
			buildActionMask = 2147483647;
			files = (
				068F39522CA1E995003409B0 /* StepViewModel.swift in Sources */,
				068F39602CA1EBF9003409B0 /* StoreInventory.swift in Sources */,
				068F395B2CA1EB9C003409B0 /* ViewModel+CoreData.swift in Sources */,
				068F39552CA1E9EE003409B0 /* Data.xcdatamodeld in Sources */,
				068F39582CA1EB57003409B0 /* Pedometer.swift in Sources */,
				068F395D2CA1EBC0003409B0 /* AnimationManager.swift in Sources */,
				068F395F2CA1EBE9003409B0 /* DecorManager.swift in Sources */,
				068F39622CA1EC30003409B0 /* Kitchen Items.swift in Sources */,
				068F39542CA1E9AC003409B0 /* CareState.swift in Sources */,
				060C8D3D2CA607FB00612D9C /* PhoneDataModel.swift in Sources */,
				068F39562CA1EA02003409B0 /* Colors.swift in Sources */,
				068F395C2CA1EBB0003409B0 /* CoreDataManager.swift in Sources */,
				068F395A2CA1EB86003409B0 /* Measures.swift in Sources */,
				068F39652CA1EC40003409B0 /* Bowls.swift in Sources */,
				068F39632CA1EC35003409B0 /* Bathroom Items.swift in Sources */,
				068F39612CA1EC0B003409B0 /* StoreItem.swift in Sources */,
				068F39592CA1EB75003409B0 /* Currency.swift in Sources */,
				068F39642CA1EC3A003409B0 /* PurchaseState.swift in Sources */,
				068F395E2CA1EBCA003409B0 /* ButtonsManager.swift in Sources */,
				068F39572CA1EB4A003409B0 /* StepTotalDelegate.swift in Sources */,
				068F39532CA1E99F003409B0 /* ViewModel.swift in Sources */,
				068F39662CA1EC5C003409B0 /* Timer.swift in Sources */,
			);
			runOnlyForDeploymentPostprocessing = 0;
		};
		2DE860E123552B3B00227A86 /* Sources */ = {
			isa = PBXSourcesBuildPhase;
			buildActionMask = 2147483647;
			files = (
				2D7146D4235BBF130064B576 /* StoreCollectionViewCell.swift in Sources */,
				2DA559602360FE50006B3B9D /* PurchaseState.swift in Sources */,
				2DE860ED23552B3B00227A86 /* ViewController.swift in Sources */,
				2DE0BC442603F3CE00D811FF /* StepTotalDelegate.swift in Sources */,
				2D220E3F25CB5A9600D02FE7 /* PawShopViewModel.swift in Sources */,
				2D7146D0235BB8560064B576 /* StoreInventory.swift in Sources */,
				2D0C3CFB2363A7E300EA064A /* DecorManager.swift in Sources */,
				2D123A8C25C9F50E005EBFEB /* ViewModel.swift in Sources */,
				2DDFFDD3265818A10008193C /* Random.swift in Sources */,
				2DDE569523809B9800398454 /* CareState.swift in Sources */,
				2D72E139265421F4003CE02C /* GameModel.swift in Sources */,
				2DA2E41F238DD71700541771 /* NetworkMonitor.swift in Sources */,
				2D3583C1237CC1F3005A6C56 /* AnimationManager.swift in Sources */,
				2DE860E923552B3B00227A86 /* AppDelegate.swift in Sources */,
				2D9B0E0125E45E52009D75ED /* Bowls.swift in Sources */,
				2D789157239C40FE00053B4E /* Sounds.swift in Sources */,
				2D6FCA8D235A596100560CB2 /* Timer.swift in Sources */,
				2D8D4EB227C977A0008FF48E /* Bathroom Items.swift in Sources */,
				2D96CA9B25CDFD4C00A89C32 /* Pedometer.swift in Sources */,
				2DC80B882384AC62006841AE /* PawShopViewController.swift in Sources */,
				2DF3B3F4265307EA00718334 /* WhackamouseViewController.swift in Sources */,
				2D72E137265421BA003CE02C /* GameViewModel.swift in Sources */,
				2DA3C65725DC7AD7004D831E /* ViewController+Animations.swift in Sources */,
				2DA3C65525DC716D004D831E /* UIViewExtension.swift in Sources */,
				2D2D6CDB27C6A6E000D9E770 /* Kitchen Items.swift in Sources */,
				2DC80B8C2384AF23006841AE /* Products.swift in Sources */,
				2D064FAE2387193A00257315 /* Receipt.swift in Sources */,
				2D123A8E25CA009E005EBFEB /* ViewModel+CoreData.swift in Sources */,
				2DE904D2235639DE0036C08A /* Measures.swift in Sources */,
				2D7146D2235BBE440064B576 /* StoreViewController.swift in Sources */,
				2D6FCA88235A1D7500560CB2 /* Currency.swift in Sources */,
				2DE860EB23552B3B00227A86 /* SceneDelegate.swift in Sources */,
				2DC80B8A2384ADDF006841AE /* StoreObserver.swift in Sources */,
				2D064FB223872A6B00257315 /* ReceiptItem.swift in Sources */,
				2D6FCA8A235A1DFC00560CB2 /* CoreDataManager.swift in Sources */,
				2D9D68BF23A2C186005EBB35 /* AboutViewController.swift in Sources */,
				2D6FCA86235A169500560CB2 /* Data.xcdatamodeld in Sources */,
				2D72E13C265423BB003CE02C /* GameTimer.swift in Sources */,
				2D81355A25F6D34400E461ED /* Colors.swift in Sources */,
				2D220E4125CB5B6B00D02FE7 /* StoreManager.swift in Sources */,
				2D220E3D25CB47CB00D02FE7 /* StoreViewModel.swift in Sources */,
				2D3E67E4236C9D3B00A80612 /* Extensions.swift in Sources */,
				2DE904D0235638790036C08A /* StatisticsViewController.swift in Sources */,
				2D064FB423872EEC00257315 /* Helpers.swift in Sources */,
				2DC80B862384A932006841AE /* PawShopTableViewCell.swift in Sources */,
				2D7146CE235BB6BB0064B576 /* StoreItem.swift in Sources */,
				2DA998EC25CCAD4200344349 /* AboutViewModel.swift in Sources */,
				2D96CA9D25CDFF4F00A89C32 /* StepViewModel.swift in Sources */,
				060C8D3C2CA607FB00612D9C /* PhoneDataModel.swift in Sources */,
				2D7BE30625F839B200FADF7F /* ButtonsManager.swift in Sources */,
			);
			runOnlyForDeploymentPostprocessing = 0;
		};
/* End PBXSourcesBuildPhase section */

/* Begin PBXTargetDependency section */
		068F394D2CA1E63E003409B0 /* PBXTargetDependency */ = {
			isa = PBXTargetDependency;
			target = 068F39402CA1E63C003409B0 /* MicroKittyWatch Watch App */;
			targetProxy = 068F394C2CA1E63E003409B0 /* PBXContainerItemProxy */;
		};
/* End PBXTargetDependency section */

/* Begin PBXVariantGroup section */
		2DE860EE23552B3B00227A86 /* Main.storyboard */ = {
			isa = PBXVariantGroup;
			children = (
				2DE860EF23552B3B00227A86 /* Base */,
			);
			name = Main.storyboard;
			sourceTree = "<group>";
		};
		2DE860F323552B3C00227A86 /* LaunchScreen.storyboard */ = {
			isa = PBXVariantGroup;
			children = (
				2DE860F423552B3C00227A86 /* Base */,
			);
			name = LaunchScreen.storyboard;
			sourceTree = "<group>";
		};
/* End PBXVariantGroup section */

/* Begin XCBuildConfiguration section */
		068F394F2CA1E63E003409B0 /* Debug */ = {
			isa = XCBuildConfiguration;
			buildSettings = {
				ASSETCATALOG_COMPILER_APPICON_NAME = AppIcon;
				ASSETCATALOG_COMPILER_GENERATE_SWIFT_ASSET_SYMBOL_EXTENSIONS = YES;
				ASSETCATALOG_COMPILER_GLOBAL_ACCENT_COLOR_NAME = AccentColor;
				CLANG_CXX_LANGUAGE_STANDARD = "gnu++20";
				CODE_SIGN_STYLE = Automatic;
				CURRENT_PROJECT_VERSION = 1;
				DEVELOPMENT_ASSET_PATHS = "\"MicroKittyWatch Watch App/Preview Content\"";
				DEVELOPMENT_TEAM = A8R365GJ52;
				ENABLE_PREVIEWS = YES;
				ENABLE_USER_SCRIPT_SANDBOXING = YES;
				GCC_C_LANGUAGE_STANDARD = gnu17;
				GENERATE_INFOPLIST_FILE = YES;
				INFOPLIST_FILE = "MicroKittyWatch-Watch-App-Info.plist";
				INFOPLIST_KEY_CFBundleDisplayName = MicroKittyWatch;
				INFOPLIST_KEY_UISupportedInterfaceOrientations = "UIInterfaceOrientationPortrait UIInterfaceOrientationPortraitUpsideDown";
				INFOPLIST_KEY_WKCompanionAppBundleIdentifier = "com.kduncan-welke.AmbleCat";
				IPHONEOS_DEPLOYMENT_TARGET = 13.0;
				LD_RUNPATH_SEARCH_PATHS = (
					"$(inherited)",
					"@executable_path/Frameworks",
				);
				LOCALIZATION_PREFERS_STRING_CATALOGS = YES;
				MARKETING_VERSION = 1.0;
				PRODUCT_BUNDLE_IDENTIFIER = "com.kduncan-welke.AmbleCat.watchkitapp";
				PRODUCT_NAME = "$(TARGET_NAME)";
				SDKROOT = watchos;
				SKIP_INSTALL = YES;
				SWIFT_ACTIVE_COMPILATION_CONDITIONS = "DEBUG $(inherited)";
				SWIFT_EMIT_LOC_STRINGS = YES;
				SWIFT_VERSION = 5.0;
				TARGETED_DEVICE_FAMILY = 4;
				WATCHOS_DEPLOYMENT_TARGET = 11.0;
			};
			name = Debug;
		};
		068F39502CA1E63E003409B0 /* Release */ = {
			isa = XCBuildConfiguration;
			buildSettings = {
				ASSETCATALOG_COMPILER_APPICON_NAME = AppIcon;
				ASSETCATALOG_COMPILER_GENERATE_SWIFT_ASSET_SYMBOL_EXTENSIONS = YES;
				ASSETCATALOG_COMPILER_GLOBAL_ACCENT_COLOR_NAME = AccentColor;
				CLANG_CXX_LANGUAGE_STANDARD = "gnu++20";
				CODE_SIGN_STYLE = Automatic;
				CURRENT_PROJECT_VERSION = 1;
				DEBUG_INFORMATION_FORMAT = "dwarf-with-dsym";
				DEVELOPMENT_ASSET_PATHS = "\"MicroKittyWatch Watch App/Preview Content\"";
				DEVELOPMENT_TEAM = A8R365GJ52;
				ENABLE_PREVIEWS = YES;
				ENABLE_USER_SCRIPT_SANDBOXING = YES;
				GCC_C_LANGUAGE_STANDARD = gnu17;
				GENERATE_INFOPLIST_FILE = YES;
				INFOPLIST_FILE = "MicroKittyWatch-Watch-App-Info.plist";
				INFOPLIST_KEY_CFBundleDisplayName = MicroKittyWatch;
				INFOPLIST_KEY_UISupportedInterfaceOrientations = "UIInterfaceOrientationPortrait UIInterfaceOrientationPortraitUpsideDown";
				INFOPLIST_KEY_WKCompanionAppBundleIdentifier = "com.kduncan-welke.AmbleCat";
				IPHONEOS_DEPLOYMENT_TARGET = 13.0;
				LD_RUNPATH_SEARCH_PATHS = (
					"$(inherited)",
					"@executable_path/Frameworks",
				);
				LOCALIZATION_PREFERS_STRING_CATALOGS = YES;
				MARKETING_VERSION = 1.0;
				PRODUCT_BUNDLE_IDENTIFIER = "com.kduncan-welke.AmbleCat.watchkitapp";
				PRODUCT_NAME = "$(TARGET_NAME)";
				SDKROOT = watchos;
				SKIP_INSTALL = YES;
				SWIFT_EMIT_LOC_STRINGS = YES;
				SWIFT_VERSION = 5.0;
				TARGETED_DEVICE_FAMILY = 4;
				WATCHOS_DEPLOYMENT_TARGET = 11.0;
			};
			name = Release;
		};
		2DE8610D23552B3D00227A86 /* Debug */ = {
			isa = XCBuildConfiguration;
			buildSettings = {
				ALWAYS_SEARCH_USER_PATHS = NO;
				CLANG_ANALYZER_NONNULL = YES;
				CLANG_ANALYZER_NUMBER_OBJECT_CONVERSION = YES_AGGRESSIVE;
				CLANG_CXX_LANGUAGE_STANDARD = "gnu++14";
				CLANG_CXX_LIBRARY = "libc++";
				CLANG_ENABLE_MODULES = YES;
				CLANG_ENABLE_OBJC_ARC = YES;
				CLANG_ENABLE_OBJC_WEAK = YES;
				CLANG_WARN_BLOCK_CAPTURE_AUTORELEASING = YES;
				CLANG_WARN_BOOL_CONVERSION = YES;
				CLANG_WARN_COMMA = YES;
				CLANG_WARN_CONSTANT_CONVERSION = YES;
				CLANG_WARN_DEPRECATED_OBJC_IMPLEMENTATIONS = YES;
				CLANG_WARN_DIRECT_OBJC_ISA_USAGE = YES_ERROR;
				CLANG_WARN_DOCUMENTATION_COMMENTS = YES;
				CLANG_WARN_EMPTY_BODY = YES;
				CLANG_WARN_ENUM_CONVERSION = YES;
				CLANG_WARN_INFINITE_RECURSION = YES;
				CLANG_WARN_INT_CONVERSION = YES;
				CLANG_WARN_NON_LITERAL_NULL_CONVERSION = YES;
				CLANG_WARN_OBJC_IMPLICIT_RETAIN_SELF = YES;
				CLANG_WARN_OBJC_LITERAL_CONVERSION = YES;
				CLANG_WARN_OBJC_ROOT_CLASS = YES_ERROR;
				CLANG_WARN_QUOTED_INCLUDE_IN_FRAMEWORK_HEADER = YES;
				CLANG_WARN_RANGE_LOOP_ANALYSIS = YES;
				CLANG_WARN_STRICT_PROTOTYPES = YES;
				CLANG_WARN_SUSPICIOUS_MOVE = YES;
				CLANG_WARN_UNGUARDED_AVAILABILITY = YES_AGGRESSIVE;
				CLANG_WARN_UNREACHABLE_CODE = YES;
				CLANG_WARN__DUPLICATE_METHOD_MATCH = YES;
				COPY_PHASE_STRIP = NO;
				DEBUG_INFORMATION_FORMAT = dwarf;
				ENABLE_STRICT_OBJC_MSGSEND = YES;
				ENABLE_TESTABILITY = YES;
				GCC_C_LANGUAGE_STANDARD = gnu11;
				GCC_DYNAMIC_NO_PIC = NO;
				GCC_NO_COMMON_BLOCKS = YES;
				GCC_OPTIMIZATION_LEVEL = 0;
				GCC_PREPROCESSOR_DEFINITIONS = (
					"DEBUG=1",
					"$(inherited)",
				);
				GCC_WARN_64_TO_32_BIT_CONVERSION = YES;
				GCC_WARN_ABOUT_RETURN_TYPE = YES_ERROR;
				GCC_WARN_UNDECLARED_SELECTOR = YES;
				GCC_WARN_UNINITIALIZED_AUTOS = YES_AGGRESSIVE;
				GCC_WARN_UNUSED_FUNCTION = YES;
				GCC_WARN_UNUSED_VARIABLE = YES;
				IPHONEOS_DEPLOYMENT_TARGET = 13.0;
				MTL_ENABLE_DEBUG_INFO = INCLUDE_SOURCE;
				MTL_FAST_MATH = YES;
				ONLY_ACTIVE_ARCH = YES;
				SDKROOT = iphoneos;
				SWIFT_ACTIVE_COMPILATION_CONDITIONS = DEBUG;
				SWIFT_OPTIMIZATION_LEVEL = "-Onone";
			};
			name = Debug;
		};
		2DE8610E23552B3D00227A86 /* Release */ = {
			isa = XCBuildConfiguration;
			buildSettings = {
				ALWAYS_SEARCH_USER_PATHS = NO;
				CLANG_ANALYZER_NONNULL = YES;
				CLANG_ANALYZER_NUMBER_OBJECT_CONVERSION = YES_AGGRESSIVE;
				CLANG_CXX_LANGUAGE_STANDARD = "gnu++14";
				CLANG_CXX_LIBRARY = "libc++";
				CLANG_ENABLE_MODULES = YES;
				CLANG_ENABLE_OBJC_ARC = YES;
				CLANG_ENABLE_OBJC_WEAK = YES;
				CLANG_WARN_BLOCK_CAPTURE_AUTORELEASING = YES;
				CLANG_WARN_BOOL_CONVERSION = YES;
				CLANG_WARN_COMMA = YES;
				CLANG_WARN_CONSTANT_CONVERSION = YES;
				CLANG_WARN_DEPRECATED_OBJC_IMPLEMENTATIONS = YES;
				CLANG_WARN_DIRECT_OBJC_ISA_USAGE = YES_ERROR;
				CLANG_WARN_DOCUMENTATION_COMMENTS = YES;
				CLANG_WARN_EMPTY_BODY = YES;
				CLANG_WARN_ENUM_CONVERSION = YES;
				CLANG_WARN_INFINITE_RECURSION = YES;
				CLANG_WARN_INT_CONVERSION = YES;
				CLANG_WARN_NON_LITERAL_NULL_CONVERSION = YES;
				CLANG_WARN_OBJC_IMPLICIT_RETAIN_SELF = YES;
				CLANG_WARN_OBJC_LITERAL_CONVERSION = YES;
				CLANG_WARN_OBJC_ROOT_CLASS = YES_ERROR;
				CLANG_WARN_QUOTED_INCLUDE_IN_FRAMEWORK_HEADER = YES;
				CLANG_WARN_RANGE_LOOP_ANALYSIS = YES;
				CLANG_WARN_STRICT_PROTOTYPES = YES;
				CLANG_WARN_SUSPICIOUS_MOVE = YES;
				CLANG_WARN_UNGUARDED_AVAILABILITY = YES_AGGRESSIVE;
				CLANG_WARN_UNREACHABLE_CODE = YES;
				CLANG_WARN__DUPLICATE_METHOD_MATCH = YES;
				COPY_PHASE_STRIP = NO;
				DEBUG_INFORMATION_FORMAT = dwarf;
				ENABLE_NS_ASSERTIONS = NO;
				ENABLE_STRICT_OBJC_MSGSEND = YES;
				GCC_C_LANGUAGE_STANDARD = gnu11;
				GCC_NO_COMMON_BLOCKS = YES;
				GCC_WARN_64_TO_32_BIT_CONVERSION = YES;
				GCC_WARN_ABOUT_RETURN_TYPE = YES_ERROR;
				GCC_WARN_UNDECLARED_SELECTOR = YES;
				GCC_WARN_UNINITIALIZED_AUTOS = YES_AGGRESSIVE;
				GCC_WARN_UNUSED_FUNCTION = YES;
				GCC_WARN_UNUSED_VARIABLE = YES;
				IPHONEOS_DEPLOYMENT_TARGET = 13.0;
				MTL_ENABLE_DEBUG_INFO = NO;
				MTL_FAST_MATH = YES;
				SDKROOT = iphoneos;
				SWIFT_COMPILATION_MODE = wholemodule;
				SWIFT_OPTIMIZATION_LEVEL = "-O";
				VALIDATE_PRODUCT = YES;
			};
			name = Release;
		};
		2DE8611023552B3D00227A86 /* Debug */ = {
			isa = XCBuildConfiguration;
			baseConfigurationReference = 74AC6636ABEF03DA37181F32 /* Pods-Micro Kitty.debug.xcconfig */;
			buildSettings = {
				ALWAYS_SEARCH_USER_PATHS = YES;
				ASSETCATALOG_COMPILER_APPICON_NAME = AppIcon;
				CODE_SIGN_ENTITLEMENTS = "Micro Kitty.entitlements";
				CODE_SIGN_STYLE = Automatic;
				DEFINES_MODULE = YES;
				DEVELOPMENT_TEAM = A8R365GJ52;
				ENABLE_BITCODE = NO;
				ENABLE_MODULE_VERIFIER = YES;
				FRAMEWORK_SEARCH_PATHS = "$(inherited)";
				HEADER_SEARCH_PATHS = "\"$(SRCROOT)/Amble Cat/Header.h\"";
				INFOPLIST_FILE = "Amble Cat/Info.plist";
				INFOPLIST_KEY_CFBundleDisplayName = "Micro Kitty";
				IPHONEOS_DEPLOYMENT_TARGET = 13.0;
				LD_RUNPATH_SEARCH_PATHS = (
					"$(inherited)",
					"@executable_path/Frameworks",
				);
				LIBRARY_SEARCH_PATHS = "$(inherited)";
				MARKETING_VERSION = 3.0;
				MODULE_VERIFIER_SUPPORTED_LANGUAGE_STANDARDS = "gnu11 gnu++14";
				OTHER_LDFLAGS = "$(inherited)";
				PRODUCT_BUNDLE_IDENTIFIER = "com.kduncan-welke.AmbleCat";
				PRODUCT_NAME = "$(TARGET_NAME)";
				SWIFT_INSTALL_OBJC_HEADER = YES;
				SWIFT_OBJC_BRIDGING_HEADER = "$(SRCROOT)/Amble Cat/Header.h";
				SWIFT_VERSION = 5.0;
				TARGETED_DEVICE_FAMILY = 1;
				USER_HEADER_SEARCH_PATHS = "$(SRCROOT)/Pods/OpenSSL-Universal/Frameworks/OpenSSL.xcframework/ios-arm64_x86_64-simulator/OpenSSL.framework/Headers";
			};
			name = Debug;
		};
		2DE8611123552B3D00227A86 /* Release */ = {
			isa = XCBuildConfiguration;
			baseConfigurationReference = A812273E455FEA7F12ADC8B0 /* Pods-Micro Kitty.release.xcconfig */;
			buildSettings = {
				ALWAYS_SEARCH_USER_PATHS = YES;
				ASSETCATALOG_COMPILER_APPICON_NAME = AppIcon;
				CODE_SIGN_ENTITLEMENTS = "Micro Kitty.entitlements";
				CODE_SIGN_STYLE = Automatic;
				DEBUG_INFORMATION_FORMAT = dwarf;
				DEFINES_MODULE = YES;
				DEVELOPMENT_TEAM = A8R365GJ52;
				ENABLE_BITCODE = NO;
				ENABLE_MODULE_VERIFIER = YES;
				FRAMEWORK_SEARCH_PATHS = "$(inherited)";
				HEADER_SEARCH_PATHS = "\"$(SRCROOT)/Amble Cat/Header.h\"";
				INFOPLIST_FILE = "Amble Cat/Info.plist";
				INFOPLIST_KEY_CFBundleDisplayName = "Micro Kitty";
				IPHONEOS_DEPLOYMENT_TARGET = 13.0;
				LD_RUNPATH_SEARCH_PATHS = (
					"$(inherited)",
					"@executable_path/Frameworks",
				);
				LIBRARY_SEARCH_PATHS = "$(inherited)";
				MARKETING_VERSION = 3.0;
				MODULE_VERIFIER_SUPPORTED_LANGUAGE_STANDARDS = "gnu11 gnu++14";
				OTHER_LDFLAGS = "$(inherited)";
				PRODUCT_BUNDLE_IDENTIFIER = "com.kduncan-welke.AmbleCat";
				PRODUCT_NAME = "$(TARGET_NAME)";
				SWIFT_INSTALL_OBJC_HEADER = YES;
				SWIFT_OBJC_BRIDGING_HEADER = "$(SRCROOT)/Amble Cat/Header.h";
				SWIFT_VERSION = 5.0;
				TARGETED_DEVICE_FAMILY = 1;
				USER_HEADER_SEARCH_PATHS = "$(SRCROOT)/Pods/OpenSSL-Universal/Frameworks/OpenSSL.xcframework/ios-arm64_x86_64-simulator/OpenSSL.framework/Headers";
			};
			name = Release;
		};
/* End XCBuildConfiguration section */

/* Begin XCConfigurationList section */
		068F39512CA1E63E003409B0 /* Build configuration list for PBXNativeTarget "MicroKittyWatch Watch App" */ = {
			isa = XCConfigurationList;
			buildConfigurations = (
				068F394F2CA1E63E003409B0 /* Debug */,
				068F39502CA1E63E003409B0 /* Release */,
			);
			defaultConfigurationIsVisible = 0;
			defaultConfigurationName = Release;
		};
		2DE860E023552B3B00227A86 /* Build configuration list for PBXProject "Micro Kitty" */ = {
			isa = XCConfigurationList;
			buildConfigurations = (
				2DE8610D23552B3D00227A86 /* Debug */,
				2DE8610E23552B3D00227A86 /* Release */,
			);
			defaultConfigurationIsVisible = 0;
			defaultConfigurationName = Release;
		};
		2DE8610F23552B3D00227A86 /* Build configuration list for PBXNativeTarget "Micro Kitty" */ = {
			isa = XCConfigurationList;
			buildConfigurations = (
				2DE8611023552B3D00227A86 /* Debug */,
				2DE8611123552B3D00227A86 /* Release */,
			);
			defaultConfigurationIsVisible = 0;
			defaultConfigurationName = Release;
		};
/* End XCConfigurationList section */

/* Begin XCVersionGroup section */
		2D6FCA84235A169500560CB2 /* Data.xcdatamodeld */ = {
			isa = XCVersionGroup;
			children = (
				2D3F10EB27C812B6000C4386 /* Data 3.xcdatamodel */,
				2DDFFDD4265828950008193C /* Data 2.xcdatamodel */,
				2D6FCA85235A169500560CB2 /* Data.xcdatamodel */,
			);
			currentVersion = 2D3F10EB27C812B6000C4386 /* Data 3.xcdatamodel */;
			path = Data.xcdatamodeld;
			sourceTree = "<group>";
			versionGroupType = wrapper.xcdatamodel;
		};
/* End XCVersionGroup section */
	};
	rootObject = 2DE860DD23552B3B00227A86 /* Project object */;
}
